
Microsoft Visual Studio Solution File, Format Version 12.00
# Visual Studio Version 17
Project("{8BC9CEB8-8B4A-11D0-8D11-00A0C91BC942}") = "ALL_BUILD", "ALL_BUILD.vcxproj", "{B6A5F8E5-C88F-3E9F-8CAA-6BE6C2BB2D0B}"
	ProjectSection(ProjectDependencies) = postProject
		{949F501E-3311-3151-AF1F-D9DAA20D6D96} = {949F501E-3311-3151-AF1F-D9DAA20D6D96}
		{093FA7F8-ED97-33CF-B7AB-F33A3EB504B9} = {093FA7F8-ED97-33CF-B7AB-F33A3EB504B9}
		{A2F19B46-A76E-38C7-B47C-6C05F71BA18A} = {A2F19B46-A76E-38C7-B47C-6C05F71BA18A}
		{2A8A62DA-54D7-3950-97BF-9A2B10A492B7} = {2A8A62DA-54D7-3950-97BF-9A2B10A492B7}
		{D26A71A9-414D-3897-BF6E-6B3499C3F3E3} = {D26A71A9-414D-3897-BF6E-6B3499C3F3E3}
		{F0D6C352-E9B6-3709-BBFF-3F49CC0648B7} = {F0D6C352-E9B6-3709-BBFF-3F49CC0648B7}
		{ADD82554-AB52-3DBF-8FAA-0AC95D1CECAD} = {ADD82554-AB52-3DBF-8FAA-0AC95D1CECAD}
		{EDB9E957-AE7E-3787-8BEC-F1E9AA7729DE} = {EDB9E957-AE7E-3787-8BEC-F1E9AA7729DE}
		{976944A9-4AC4-38CA-B246-DA21C609B2F6} = {976944A9-4AC4-38CA-B246-DA21C609B2F6}
		{21B6FC4A-A915-3126-86C2-FCB64B9A5E84} = {21B6FC4A-A915-3126-86C2-FCB64B9A5E84}
		{14B2985E-A679-38D2-A3D5-7D17316D3583} = {14B2985E-A679-38D2-A3D5-7D17316D3583}
		{2E64E15A-04EC-3FB2-A9CA-8F800E69AD6F} = {2E64E15A-04EC-3FB2-A9CA-8F800E69AD6F}
	EndProjectSection
EndProject
Project("{8BC9CEB8-8B4A-11D0-8D11-00A0C91BC942}") = "ZERO_CHECK", "ZERO_CHECK.vcxproj", "{949F501E-3311-3151-AF1F-D9DAA20D6D96}"
	ProjectSection(ProjectDependencies) = postProject
	EndProjectSection
EndProject
Project("{8BC9CEB8-8B4A-11D0-8D11-00A0C91BC942}") = "async_weather_cli", "async_weather_cli.vcxproj", "{093FA7F8-ED97-33CF-B7AB-F33A3EB504B9}"
	ProjectSection(ProjectDependencies) = postProject
		{949F501E-3311-3151-AF1F-D9DAA20D6D96} = {949F501E-3311-3151-AF1F-D9DAA20D6D96}
		{2E64E15A-04EC-3FB2-A9CA-8F800E69AD6F} = {2E64E15A-04EC-3FB2-A9CA-8F800E69AD6F}
	EndProjectSection
EndProject
Project("{8BC9CEB8-8B4A-11D0-8D11-00A0C91BC942}") = "mock_report_server", "mock_report_server.vcxproj", "{A2F19B46-A76E-38C7-B47C-6C05F71BA18A}"
	ProjectSection(ProjectDependencies) = postProject
		{949F501E-3311-3151-AF1F-D9DAA20D6D96} = {949F501E-3311-3151-AF1F-D9DAA20D6D96}
		{2E64E15A-04EC-3FB2-A9CA-8F800E69AD6F} = {2E64E15A-04EC-3FB2-A9CA-8F800E69AD6F}
	EndProjectSection
EndProject
Project("{8BC9CEB8-8B4A-11D0-8D11-00A0C91BC942}") = "packet_encoding_debug", "packet_encoding_debug.vcxproj", "{2A8A62DA-54D7-3950-97BF-9A2B10A492B7}"
	ProjectSection(ProjectDependencies) = postProject
		{949F501E-3311-3151-AF1F-D9DAA20D6D96} = {949F501E-3311-3151-AF1F-D9DAA20D6D96}
		{2E64E15A-04EC-3FB2-A9CA-8F800E69AD6F} = {2E64E15A-04EC-3FB2-A9CA-8F800E69AD6F}
	EndProjectSection
EndProject
Project("{8BC9CEB8-8B4A-11D0-8D11-00A0C91BC942}") = "report_debug_tool", "report_debug_tool.vcxproj", "{D26A71A9-414D-3897-BF6E-6B3499C3F3E3}"
	ProjectSection(ProjectDependencies) = postProject
		{949F501E-3311-3151-AF1F-D9DAA20D6D96} = {949F501E-3311-3151-AF1F-D9DAA20D6D96}
		{2E64E15A-04EC-3FB2-A9CA-8F800E69AD6F} = {2E64E15A-04EC-3FB2-A9CA-8F800E69AD6F}
	EndProjectSection
EndProject
Project("{8BC9CEB8-8B4A-11D0-8D11-00A0C91BC942}") = "test_auth_vars", "test_auth_vars.vcxproj", "{F0D6C352-E9B6-3709-BBFF-3F49CC0648B7}"
	ProjectSection(ProjectDependencies) = postProject
		{949F501E-3311-3151-AF1F-D9DAA20D6D96} = {949F501E-3311-3151-AF1F-D9DAA20D6D96}
		{2E64E15A-04EC-3FB2-A9CA-8F800E69AD6F} = {2E64E15A-04EC-3FB2-A9CA-8F800E69AD6F}
	EndProjectSection
EndProject
Project("{8BC9CEB8-8B4A-11D0-8D11-00A0C91BC942}") = "unified_client_cli", "unified_client_cli.vcxproj", "{ADD82554-AB52-3DBF-8FAA-0AC95D1CECAD}"
	ProjectSection(ProjectDependencies) = postProject
		{949F501E-3311-3151-AF1F-D9DAA20D6D96} = {949F501E-3311-3151-AF1F-D9DAA20D6D96}
		{2E64E15A-04EC-3FB2-A9CA-8F800E69AD6F} = {2E64E15A-04EC-3FB2-A9CA-8F800E69AD6F}
	EndProjectSection
EndProject
Project("{8BC9CEB8-8B4A-11D0-8D11-00A0C91BC942}") = "wip_client_cli", "wip_client_cli.vcxproj", "{EDB9E957-AE7E-3787-8BEC-F1E9AA7729DE}"
	ProjectSection(ProjectDependencies) = postProject
		{949F501E-3311-3151-AF1F-D9DAA20D6D96} = {949F501E-3311-3151-AF1F-D9DAA20D6D96}
		{2E64E15A-04EC-3FB2-A9CA-8F800E69AD6F} = {2E64E15A-04EC-3FB2-A9CA-8F800E69AD6F}
	EndProjectSection
EndProject
Project("{8BC9CEB8-8B4A-11D0-8D11-00A0C91BC942}") = "wip_packet_decode", "wip_packet_decode.vcxproj", "{976944A9-4AC4-38CA-B246-DA21C609B2F6}"
	ProjectSection(ProjectDependencies) = postProject
		{949F501E-3311-3151-AF1F-D9DAA20D6D96} = {949F501E-3311-3151-AF1F-D9DAA20D6D96}
		{2E64E15A-04EC-3FB2-A9CA-8F800E69AD6F} = {2E64E15A-04EC-3FB2-A9CA-8F800E69AD6F}
	EndProjectSection
EndProject
Project("{8BC9CEB8-8B4A-11D0-8D11-00A0C91BC942}") = "wip_packet_gen", "wip_packet_gen.vcxproj", "{21B6FC4A-A915-3126-86C2-FCB64B9A5E84}"
	ProjectSection(ProjectDependencies) = postProject
		{949F501E-3311-3151-AF1F-D9DAA20D6D96} = {949F501E-3311-3151-AF1F-D9DAA20D6D96}
		{2E64E15A-04EC-3FB2-A9CA-8F800E69AD6F} = {2E64E15A-04EC-3FB2-A9CA-8F800E69AD6F}
	EndProjectSection
EndProject
Project("{8BC9CEB8-8B4A-11D0-8D11-00A0C91BC942}") = "wip_packet_roundtrip", "wip_packet_roundtrip.vcxproj", "{14B2985E-A679-38D2-A3D5-7D17316D3583}"
	ProjectSection(ProjectDependencies) = postProject
		{949F501E-3311-3151-AF1F-D9DAA20D6D96} = {949F501E-3311-3151-AF1F-D9DAA20D6D96}
		{2E64E15A-04EC-3FB2-A9CA-8F800E69AD6F} = {2E64E15A-04EC-3FB2-A9CA-8F800E69AD6F}
	EndProjectSection
EndProject
Project("{8BC9CEB8-8B4A-11D0-8D11-00A0C91BC942}") = "wiplib", "wiplib.vcxproj", "{2E64E15A-04EC-3FB2-A9CA-8F800E69AD6F}"
	ProjectSection(ProjectDependencies) = postProject
		{949F501E-3311-3151-AF1F-D9DAA20D6D96} = {949F501E-3311-3151-AF1F-D9DAA20D6D96}
	EndProjectSection
EndProject
Global
	GlobalSection(SolutionConfigurationPlatforms) = preSolution
		Debug|x64 = Debug|x64
		Release|x64 = Release|x64
		MinSizeRel|x64 = MinSizeRel|x64
		RelWithDebInfo|x64 = RelWithDebInfo|x64
	EndGlobalSection
	GlobalSection(ProjectConfigurationPlatforms) = postSolution
		{B6A5F8E5-C88F-3E9F-8CAA-6BE6C2BB2D0B}.Debug|x64.ActiveCfg = Debug|x64
		{B6A5F8E5-C88F-3E9F-8CAA-6BE6C2BB2D0B}.Release|x64.ActiveCfg = Release|x64
		{B6A5F8E5-C88F-3E9F-8CAA-6BE6C2BB2D0B}.MinSizeRel|x64.ActiveCfg = MinSizeRel|x64
		{B6A5F8E5-C88F-3E9F-8CAA-6BE6C2BB2D0B}.RelWithDebInfo|x64.ActiveCfg = RelWithDebInfo|x64
		{949F501E-3311-3151-AF1F-D9DAA20D6D96}.Debug|x64.ActiveCfg = Debug|x64
		{949F501E-3311-3151-AF1F-D9DAA20D6D96}.Debug|x64.Build.0 = Debug|x64
		{949F501E-3311-3151-AF1F-D9DAA20D6D96}.Release|x64.ActiveCfg = Release|x64
		{949F501E-3311-3151-AF1F-D9DAA20D6D96}.Release|x64.Build.0 = Release|x64
		{949F501E-3311-3151-AF1F-D9DAA20D6D96}.MinSizeRel|x64.ActiveCfg = MinSizeRel|x64
		{949F501E-3311-3151-AF1F-D9DAA20D6D96}.MinSizeRel|x64.Build.0 = MinSizeRel|x64
		{949F501E-3311-3151-AF1F-D9DAA20D6D96}.RelWithDebInfo|x64.ActiveCfg = RelWithDebInfo|x64
		{949F501E-3311-3151-AF1F-D9DAA20D6D96}.RelWithDebInfo|x64.Build.0 = RelWithDebInfo|x64
		{093FA7F8-ED97-33CF-B7AB-F33A3EB504B9}.Debug|x64.ActiveCfg = Debug|x64
		{093FA7F8-ED97-33CF-B7AB-F33A3EB504B9}.Debug|x64.Build.0 = Debug|x64
		{093FA7F8-ED97-33CF-B7AB-F33A3EB504B9}.Release|x64.ActiveCfg = Release|x64
		{093FA7F8-ED97-33CF-B7AB-F33A3EB504B9}.Release|x64.Build.0 = Release|x64
		{093FA7F8-ED97-33CF-B7AB-F33A3EB504B9}.MinSizeRel|x64.ActiveCfg = MinSizeRel|x64
		{093FA7F8-ED97-33CF-B7AB-F33A3EB504B9}.MinSizeRel|x64.Build.0 = MinSizeRel|x64
		{093FA7F8-ED97-33CF-B7AB-F33A3EB504B9}.RelWithDebInfo|x64.ActiveCfg = RelWithDebInfo|x64
		{093FA7F8-ED97-33CF-B7AB-F33A3EB504B9}.RelWithDebInfo|x64.Build.0 = RelWithDebInfo|x64
		{A2F19B46-A76E-38C7-B47C-6C05F71BA18A}.Debug|x64.ActiveCfg = Debug|x64
		{A2F19B46-A76E-38C7-B47C-6C05F71BA18A}.Debug|x64.Build.0 = Debug|x64
		{A2F19B46-A76E-38C7-B47C-6C05F71BA18A}.Release|x64.ActiveCfg = Release|x64
		{A2F19B46-A76E-38C7-B47C-6C05F71BA18A}.Release|x64.Build.0 = Release|x64
		{A2F19B46-A76E-38C7-B47C-6C05F71BA18A}.MinSizeRel|x64.ActiveCfg = MinSizeRel|x64
		{A2F19B46-A76E-38C7-B47C-6C05F71BA18A}.MinSizeRel|x64.Build.0 = MinSizeRel|x64
		{A2F19B46-A76E-38C7-B47C-6C05F71BA18A}.RelWithDebInfo|x64.ActiveCfg = RelWithDebInfo|x64
		{A2F19B46-A76E-38C7-B47C-6C05F71BA18A}.RelWithDebInfo|x64.Build.0 = RelWithDebInfo|x64
		{2A8A62DA-54D7-3950-97BF-9A2B10A492B7}.Debug|x64.ActiveCfg = Debug|x64
		{2A8A62DA-54D7-3950-97BF-9A2B10A492B7}.Debug|x64.Build.0 = Debug|x64
		{2A8A62DA-54D7-3950-97BF-9A2B10A492B7}.Release|x64.ActiveCfg = Release|x64
		{2A8A62DA-54D7-3950-97BF-9A2B10A492B7}.Release|x64.Build.0 = Release|x64
		{2A8A62DA-54D7-3950-97BF-9A2B10A492B7}.MinSizeRel|x64.ActiveCfg = MinSizeRel|x64
		{2A8A62DA-54D7-3950-97BF-9A2B10A492B7}.MinSizeRel|x64.Build.0 = MinSizeRel|x64
		{2A8A62DA-54D7-3950-97BF-9A2B10A492B7}.RelWithDebInfo|x64.ActiveCfg = RelWithDebInfo|x64
		{2A8A62DA-54D7-3950-97BF-9A2B10A492B7}.RelWithDebInfo|x64.Build.0 = RelWithDebInfo|x64
		{D26A71A9-414D-3897-BF6E-6B3499C3F3E3}.Debug|x64.ActiveCfg = Debug|x64
		{D26A71A9-414D-3897-BF6E-6B3499C3F3E3}.Debug|x64.Build.0 = Debug|x64
		{D26A71A9-414D-3897-BF6E-6B3499C3F3E3}.Release|x64.ActiveCfg = Release|x64
		{D26A71A9-414D-3897-BF6E-6B3499C3F3E3}.Release|x64.Build.0 = Release|x64
		{D26A71A9-414D-3897-BF6E-6B3499C3F3E3}.MinSizeRel|x64.ActiveCfg = MinSizeRel|x64
		{D26A71A9-414D-3897-BF6E-6B3499C3F3E3}.MinSizeRel|x64.Build.0 = MinSizeRel|x64
		{D26A71A9-414D-3897-BF6E-6B3499C3F3E3}.RelWithDebInfo|x64.ActiveCfg = RelWithDebInfo|x64
		{D26A71A9-414D-3897-BF6E-6B3499C3F3E3}.RelWithDebInfo|x64.Build.0 = RelWithDebInfo|x64
		{F0D6C352-E9B6-3709-BBFF-3F49CC0648B7}.Debug|x64.ActiveCfg = Debug|x64
		{F0D6C352-E9B6-3709-BBFF-3F49CC0648B7}.Debug|x64.Build.0 = Debug|x64
		{F0D6C352-E9B6-3709-BBFF-3F49CC0648B7}.Release|x64.ActiveCfg = Release|x64
		{F0D6C352-E9B6-3709-BBFF-3F49CC0648B7}.Release|x64.Build.0 = Release|x64
		{F0D6C352-E9B6-3709-BBFF-3F49CC0648B7}.MinSizeRel|x64.ActiveCfg = MinSizeRel|x64
		{F0D6C352-E9B6-3709-BBFF-3F49CC0648B7}.MinSizeRel|x64.Build.0 = MinSizeRel|x64
		{F0D6C352-E9B6-3709-BBFF-3F49CC0648B7}.RelWithDebInfo|x64.ActiveCfg = RelWithDebInfo|x64
		{F0D6C352-E9B6-3709-BBFF-3F49CC0648B7}.RelWithDebInfo|x64.Build.0 = RelWithDebInfo|x64
		{ADD82554-AB52-3DBF-8FAA-0AC95D1CECAD}.Debug|x64.ActiveCfg = Debug|x64
		{ADD82554-AB52-3DBF-8FAA-0AC95D1CECAD}.Debug|x64.Build.0 = Debug|x64
		{ADD82554-AB52-3DBF-8FAA-0AC95D1CECAD}.Release|x64.ActiveCfg = Release|x64
		{ADD82554-AB52-3DBF-8FAA-0AC95D1CECAD}.Release|x64.Build.0 = Release|x64
		{ADD82554-AB52-3DBF-8FAA-0AC95D1CECAD}.MinSizeRel|x64.ActiveCfg = MinSizeRel|x64
		{ADD82554-AB52-3DBF-8FAA-0AC95D1CECAD}.MinSizeRel|x64.Build.0 = MinSizeRel|x64
		{ADD82554-AB52-3DBF-8FAA-0AC95D1CECAD}.RelWithDebInfo|x64.ActiveCfg = RelWithDebInfo|x64
		{ADD82554-AB52-3DBF-8FAA-0AC95D1CECAD}.RelWithDebInfo|x64.Build.0 = RelWithDebInfo|x64
		{EDB9E957-AE7E-3787-8BEC-F1E9AA7729DE}.Debug|x64.ActiveCfg = Debug|x64
		{EDB9E957-AE7E-3787-8BEC-F1E9AA7729DE}.Debug|x64.Build.0 = Debug|x64
		{EDB9E957-AE7E-3787-8BEC-F1E9AA7729DE}.Release|x64.ActiveCfg = Release|x64
		{EDB9E957-AE7E-3787-8BEC-F1E9AA7729DE}.Release|x64.Build.0 = Release|x64
		{EDB9E957-AE7E-3787-8BEC-F1E9AA7729DE}.MinSizeRel|x64.ActiveCfg = MinSizeRel|x64
		{EDB9E957-AE7E-3787-8BEC-F1E9AA7729DE}.MinSizeRel|x64.Build.0 = MinSizeRel|x64
		{EDB9E957-AE7E-3787-8BEC-F1E9AA7729DE}.RelWithDebInfo|x64.ActiveCfg = RelWithDebInfo|x64
		{EDB9E957-AE7E-3787-8BEC-F1E9AA7729DE}.RelWithDebInfo|x64.Build.0 = RelWithDebInfo|x64
		{976944A9-4AC4-38CA-B246-DA21C609B2F6}.Debug|x64.ActiveCfg = Debug|x64
		{976944A9-4AC4-38CA-B246-DA21C609B2F6}.Debug|x64.Build.0 = Debug|x64
		{976944A9-4AC4-38CA-B246-DA21C609B2F6}.Release|x64.ActiveCfg = Release|x64
		{976944A9-4AC4-38CA-B246-DA21C609B2F6}.Release|x64.Build.0 = Release|x64
		{976944A9-4AC4-38CA-B246-DA21C609B2F6}.MinSizeRel|x64.ActiveCfg = MinSizeRel|x64
		{976944A9-4AC4-38CA-B246-DA21C609B2F6}.MinSizeRel|x64.Build.0 = MinSizeRel|x64
		{976944A9-4AC4-38CA-B246-DA21C609B2F6}.RelWithDebInfo|x64.ActiveCfg = RelWithDebInfo|x64
		{976944A9-4AC4-38CA-B246-DA21C609B2F6}.RelWithDebInfo|x64.Build.0 = RelWithDebInfo|x64
		{21B6FC4A-A915-3126-86C2-FCB64B9A5E84}.Debug|x64.ActiveCfg = Debug|x64
		{21B6FC4A-A915-3126-86C2-FCB64B9A5E84}.Debug|x64.Build.0 = Debug|x64
		{21B6FC4A-A915-3126-86C2-FCB64B9A5E84}.Release|x64.ActiveCfg = Release|x64
		{21B6FC4A-A915-3126-86C2-FCB64B9A5E84}.Release|x64.Build.0 = Release|x64
		{21B6FC4A-A915-3126-86C2-FCB64B9A5E84}.MinSizeRel|x64.ActiveCfg = MinSizeRel|x64
		{21B6FC4A-A915-3126-86C2-FCB64B9A5E84}.MinSizeRel|x64.Build.0 = MinSizeRel|x64
		{21B6FC4A-A915-3126-86C2-FCB64B9A5E84}.RelWithDebInfo|x64.ActiveCfg = RelWithDebInfo|x64
		{21B6FC4A-A915-3126-86C2-FCB64B9A5E84}.RelWithDebInfo|x64.Build.0 = RelWithDebInfo|x64
		{14B2985E-A679-38D2-A3D5-7D17316D3583}.Debug|x64.ActiveCfg = Debug|x64
		{14B2985E-A679-38D2-A3D5-7D17316D3583}.Debug|x64.Build.0 = Debug|x64
		{14B2985E-A679-38D2-A3D5-7D17316D3583}.Release|x64.ActiveCfg = Release|x64
		{14B2985E-A679-38D2-A3D5-7D17316D3583}.Release|x64.Build.0 = Release|x64
		{14B2985E-A679-38D2-A3D5-7D17316D3583}.MinSizeRel|x64.ActiveCfg = MinSizeRel|x64
		{14B2985E-A679-38D2-A3D5-7D17316D3583}.MinSizeRel|x64.Build.0 = MinSizeRel|x64
		{14B2985E-A679-38D2-A3D5-7D17316D3583}.RelWithDebInfo|x64.ActiveCfg = RelWithDebInfo|x64
		{14B2985E-A679-38D2-A3D5-7D17316D3583}.RelWithDebInfo|x64.Build.0 = RelWithDebInfo|x64
		{2E64E15A-04EC-3FB2-A9CA-8F800E69AD6F}.Debug|x64.ActiveCfg = Debug|x64
		{2E64E15A-04EC-3FB2-A9CA-8F800E69AD6F}.Debug|x64.Build.0 = Debug|x64
		{2E64E15A-04EC-3FB2-A9CA-8F800E69AD6F}.Release|x64.ActiveCfg = Release|x64
		{2E64E15A-04EC-3FB2-A9CA-8F800E69AD6F}.Release|x64.Build.0 = Release|x64
		{2E64E15A-04EC-3FB2-A9CA-8F800E69AD6F}.MinSizeRel|x64.ActiveCfg = MinSizeRel|x64
		{2E64E15A-04EC-3FB2-A9CA-8F800E69AD6F}.MinSizeRel|x64.Build.0 = MinSizeRel|x64
		{2E64E15A-04EC-3FB2-A9CA-8F800E69AD6F}.RelWithDebInfo|x64.ActiveCfg = RelWithDebInfo|x64
		{2E64E15A-04EC-3FB2-A9CA-8F800E69AD6F}.RelWithDebInfo|x64.Build.0 = RelWithDebInfo|x64
	EndGlobalSection
	GlobalSection(ExtensibilityGlobals) = postSolution
		SolutionGuid = {9E3FD40E-7903-3C1C-B2D9-4E083F5A8618}
	EndGlobalSection
	GlobalSection(ExtensibilityAddIns) = postSolution
	EndGlobalSection
EndGlobal
